
Microsoft Visual Studio Solution File, Format Version 12.00
# Visual Studio Version 17
VisualStudioVersion = 17.4.33103.184
MinimumVisualStudioVersion = 10.0.40219.1
Project("{FAE04EC0-301F-11D3-BF4B-00C04F79EFBC}") = "alenas.dominykas.laukis", "alenas.dominykas.laukis\alenas.dominykas.laukis.csproj", "{98C3F62A-836C-4DFF-A49F-325DEFA5F427}"
EndProject
Global
	GlobalSection(SolutionConfigurationPlatforms) = preSolution
		Debug|Any CPU = Debug|Any CPU
		Release|Any CPU = Release|Any CPU
	EndGlobalSection
	GlobalSection(ProjectConfigurationPlatforms) = postSolution
		{98C3F62A-836C-4DFF-A49F-325DEFA5F427}.Debug|Any CPU.ActiveCfg = Debug|Any CPU
		{98C3F62A-836C-4DFF-A49F-325DEFA5F427}.Debug|Any CPU.Build.0 = Debug|Any CPU
		{98C3F62A-836C-4DFF-A49F-325DEFA5F427}.Release|Any CPU.ActiveCfg = Release|Any CPU
		{98C3F62A-836C-4DFF-A49F-325DEFA5F427}.Release|Any CPU.Build.0 = Release|Any CPU
	EndGlobalSection
	GlobalSection(SolutionProperties) = preSolution
		HideSolutionNode = FALSE
	EndGlobalSection
	GlobalSection(ExtensibilityGlobals) = postSolution
		SolutionGuid = {0C7BE0DA-844F-4F6F-B2F9-6221D6EBD96F}
	EndGlobalSection
EndGlobal
