
Microsoft Visual Studio Solution File, Format Version 12.00
# Visual Studio Version 17
VisualStudioVersion = 17.4.33103.184
MinimumVisualStudioVersion = 10.0.40219.1
Project("{FAE04EC0-301F-11D3-BF4B-00C04F79EFBC}") = "alenas.dominykas.laukis", "alenas.dominykas.laukis\alenas.dominykas.laukis.csproj", "{68FA85D8-5ACC-45E2-9D10-706CB140D9FC}"
EndProject
Global
	GlobalSection(SolutionConfigurationPlatforms) = preSolution
		Debug|Any CPU = Debug|Any CPU
		Release|Any CPU = Release|Any CPU
	EndGlobalSection
	GlobalSection(ProjectConfigurationPlatforms) = postSolution
		{68FA85D8-5ACC-45E2-9D10-706CB140D9FC}.Debug|Any CPU.ActiveCfg = Debug|Any CPU
		{68FA85D8-5ACC-45E2-9D10-706CB140D9FC}.Debug|Any CPU.Build.0 = Debug|Any CPU
		{68FA85D8-5ACC-45E2-9D10-706CB140D9FC}.Release|Any CPU.ActiveCfg = Release|Any CPU
		{68FA85D8-5ACC-45E2-9D10-706CB140D9FC}.Release|Any CPU.Build.0 = Release|Any CPU
	EndGlobalSection
	GlobalSection(SolutionProperties) = preSolution
		HideSolutionNode = FALSE
	EndGlobalSection
	GlobalSection(ExtensibilityGlobals) = postSolution
		SolutionGuid = {5D786B4A-C00A-419F-A548-271DA2BC6D71}
	EndGlobalSection
EndGlobal
